Microsoft Visual Studio Solution File, Format Version 12.00
# Visual Studio 15
VisualStudioVersion = 15.0.27004.2009
MinimumVisualStudioVersion = 10.0.40219.1
Project("{2150E333-8FDC-42A3-9474-1A3956D46DE8}") = "Solution Items", "Solution Items", "{200710AC-5416-47B8-84F3-7DDDFBB1E704}"
	ProjectSection(SolutionItems) = preProject
		.gitattributes = .gitattributes
		.gitignore = .gitignore
		.travis.yml = .travis.yml
		appveyor.yml = appveyor.yml
		build.cake = build.cake
		build.ps1 = build.ps1
		CHANGELOG.md = CHANGELOG.md
		CONTRIBUTING.md = CONTRIBUTING.md
		LICENSE = LICENSE
		parameters.cake = parameters.cake
		paths.cake = paths.cake
		README.md = README.md
	EndProjectSection
EndProject
Project("{2150E333-8FDC-42A3-9474-1A3956D46DE8}") = "src", "src", "{BC0265BF-FD43-4440-A265-0E70F62B1410}"
EndProject
Project("{2150E333-8FDC-42A3-9474-1A3956D46DE8}") = "1. Seedwork and Crosscutting Layers", "1. Seedwork and Crosscutting Layers", "{886CA785-28AD-464D-AE18-2F81F361FF88}"
EndProject
Project("{2150E333-8FDC-42A3-9474-1A3956D46DE8}") = "1.1. Application", "1.1. Application", "{A7246918-1FAF-42C5-838C-16AB2EF5AFD7}"
EndProject
Project("{2150E333-8FDC-42A3-9474-1A3956D46DE8}") = "1.2. Domain", "1.2. Domain", "{7D26928A-A684-4BB1-9B9F-90CC8AE16BA3}"
EndProject
Project("{2150E333-8FDC-42A3-9474-1A3956D46DE8}") = "1.3. Infrastructure", "1.3. Infrastructure", "{ED71AD7B-C23E-4DB6-86BE-DAA4C5A26293}"
EndProject
Project("{2150E333-8FDC-42A3-9474-1A3956D46DE8}") = "2. Application", "2. Application", "{43820BA9-CF92-4E09-B0B8-67D5D8BDE927}"
EndProject
Project("{2150E333-8FDC-42A3-9474-1A3956D46DE8}") = "3. Domain", "3. Domain", "{AC558BCA-E450-4625-B1C4-47F2101841D3}"
EndProject
Project("{2150E333-8FDC-42A3-9474-1A3956D46DE8}") = "4. Infrastructure", "4. Infrastructure", "{E1CA107D-E5EA-4E0D-8715-9151619D9A8E}"
EndProject
Project("{9A19103F-16F7-4668-BE54-9A1E7A4F7556}") = "Infra.Crosscutting", "src\Infra.Crosscutting\Infra.Crosscutting.csproj", "{79E890BA-BD0E-4429-A770-81899AD59E72}"
EndProject
Project("{9A19103F-16F7-4668-BE54-9A1E7A4F7556}") = "Infra.Data.Seedwork", "src\Infra.Data.Seedwork\Infra.Data.Seedwork.csproj", "{DA9A91BD-1B6D-4634-91F8-6224F0416E65}"
EndProject
Project("{9A19103F-16F7-4668-BE54-9A1E7A4F7556}") = "Domain.Seedwork", "src\Domain.Seedwork\Domain.Seedwork.csproj", "{8F3403A8-F07D-4CEF-B15E-E454BF979CB4}"
EndProject
Project("{9A19103F-16F7-4668-BE54-9A1E7A4F7556}") = "Application.Seedwork", "src\Application.Seedwork\Application.Seedwork.csproj", "{6BFD4F41-D5C0-4E3A-A867-9215D4018AA5}"
EndProject
Project("{2150E333-8FDC-42A3-9474-1A3956D46DE8}") = "tests", "tests", "{565982FA-8115-4608-9A08-FB1E148752EB}"
EndProject
Project("{9A19103F-16F7-4668-BE54-9A1E7A4F7556}") = "Infra.Crosscutting.Tests", "tests\Infra.Crosscutting.Tests\Infra.Crosscutting.Tests.csproj", "{A18800DF-B09A-454E-A1E4-D1B56B81649F}"
EndProject
Project("{9A19103F-16F7-4668-BE54-9A1E7A4F7556}") = "Infra.Data.Seedwork.Tests", "tests\Infra.Data.Seedwork.Tests\Infra.Data.Seedwork.Tests.csproj", "{EB618877-646B-4632-A102-2FC73B4B7B71}"
EndProject
Project("{9A19103F-16F7-4668-BE54-9A1E7A4F7556}") = "Domain.Seedwork.Tests", "tests\Domain.Seedwork.Tests\Domain.Seedwork.Tests.csproj", "{173E5998-EC01-4FD3-8BFF-9EA6E32CBDBD}"
EndProject
Project("{9A19103F-16F7-4668-BE54-9A1E7A4F7556}") = "Application.Seedwork.Tests", "tests\Application.Seedwork.Tests\Application.Seedwork.Tests.csproj", "{66C52759-C425-4420-AFA3-C04BF5F83B6F}"
EndProject
Project("{2150E333-8FDC-42A3-9474-1A3956D46DE8}") = "samples", "samples", "{8C281658-40A8-466E-9E70-8044452E060E}"
EndProject
Project("{9A19103F-16F7-4668-BE54-9A1E7A4F7556}") = "Ritter.Samples.Application", "samples\Ritter.Samples.Application\Ritter.Samples.Application.csproj", "{76E38917-1694-4391-B35A-57ADC82C3208}"
EndProject
Project("{9A19103F-16F7-4668-BE54-9A1E7A4F7556}") = "Ritter.Samples.Domain", "samples\Ritter.Samples.Domain\Ritter.Samples.Domain.csproj", "{E2817DAD-DC18-4033-AAAF-3EE921D42552}"
EndProject
Project("{9A19103F-16F7-4668-BE54-9A1E7A4F7556}") = "Ritter.Samples.Infra.Data", "samples\Ritter.Samples.Infra.Data\Ritter.Samples.Infra.Data.csproj", "{0F6CFE3A-98A1-413E-808D-64ED71682707}"
EndProject
Project("{9A19103F-16F7-4668-BE54-9A1E7A4F7556}") = "Ritter.Samples.IoC", "samples\Ritter.Samples.IoC\Ritter.Samples.IoC.csproj", "{2F74B49B-FE20-43EB-B257-453DBAECB856}"
EndProject
Project("{9A19103F-16F7-4668-BE54-9A1E7A4F7556}") = "Ritter.Samples.Web", "samples\Ritter.Samples.Web\Ritter.Samples.Web.csproj", "{BF3D870D-83CE-4B09-A3CA-C9382F4104D4}"
EndProject
Project("{9A19103F-16F7-4668-BE54-9A1E7A4F7556}") = "Infra.Http", "src\Infra.Http\Infra.Http.csproj", "{7F4CE310-D2F2-47BC-AB7C-B6E1077851D8}"
EndProject
Project("{FAE04EC0-301F-11D3-BF4B-00C04F79EFBC}") = "Ritter.Samples.Application.DTO", "samples\Ritter.Samples.Application.DTO\Ritter.Samples.Application.DTO.csproj", "{8D5DED93-52AA-4979-A241-D177037BB19C}"
EndProject
Global
	GlobalSection(SolutionConfigurationPlatforms) = preSolution
		Debug|Any CPU = Debug|Any CPU
		Debug|x64 = Debug|x64
		Debug|x86 = Debug|x86
		Release|Any CPU = Release|Any CPU
		Release|x64 = Release|x64
		Release|x86 = Release|x86
	EndGlobalSection
	GlobalSection(ProjectConfigurationPlatforms) = postSolution
		{79E890BA-BD0E-4429-A770-81899AD59E72}.Debug|Any CPU.ActiveCfg = Debug|Any CPU
		{79E890BA-BD0E-4429-A770-81899AD59E72}.Debug|Any CPU.Build.0 = Debug|Any CPU
		{79E890BA-BD0E-4429-A770-81899AD59E72}.Debug|x64.ActiveCfg = Debug|Any CPU
		{79E890BA-BD0E-4429-A770-81899AD59E72}.Debug|x64.Build.0 = Debug|Any CPU
		{79E890BA-BD0E-4429-A770-81899AD59E72}.Debug|x86.ActiveCfg = Debug|Any CPU
		{79E890BA-BD0E-4429-A770-81899AD59E72}.Debug|x86.Build.0 = Debug|Any CPU
		{79E890BA-BD0E-4429-A770-81899AD59E72}.Release|Any CPU.ActiveCfg = Release|Any CPU
		{79E890BA-BD0E-4429-A770-81899AD59E72}.Release|Any CPU.Build.0 = Release|Any CPU
		{79E890BA-BD0E-4429-A770-81899AD59E72}.Release|x64.ActiveCfg = Release|Any CPU
		{79E890BA-BD0E-4429-A770-81899AD59E72}.Release|x64.Build.0 = Release|Any CPU
		{79E890BA-BD0E-4429-A770-81899AD59E72}.Release|x86.ActiveCfg = Release|Any CPU
		{79E890BA-BD0E-4429-A770-81899AD59E72}.Release|x86.Build.0 = Release|Any CPU
		{DA9A91BD-1B6D-4634-91F8-6224F0416E65}.Debug|Any CPU.ActiveCfg = Debug|Any CPU
		{DA9A91BD-1B6D-4634-91F8-6224F0416E65}.Debug|Any CPU.Build.0 = Debug|Any CPU
		{DA9A91BD-1B6D-4634-91F8-6224F0416E65}.Debug|x64.ActiveCfg = Debug|Any CPU
		{DA9A91BD-1B6D-4634-91F8-6224F0416E65}.Debug|x64.Build.0 = Debug|Any CPU
		{DA9A91BD-1B6D-4634-91F8-6224F0416E65}.Debug|x86.ActiveCfg = Debug|Any CPU
		{DA9A91BD-1B6D-4634-91F8-6224F0416E65}.Debug|x86.Build.0 = Debug|Any CPU
		{DA9A91BD-1B6D-4634-91F8-6224F0416E65}.Release|Any CPU.ActiveCfg = Release|Any CPU
		{DA9A91BD-1B6D-4634-91F8-6224F0416E65}.Release|Any CPU.Build.0 = Release|Any CPU
		{DA9A91BD-1B6D-4634-91F8-6224F0416E65}.Release|x64.ActiveCfg = Release|Any CPU
		{DA9A91BD-1B6D-4634-91F8-6224F0416E65}.Release|x64.Build.0 = Release|Any CPU
		{DA9A91BD-1B6D-4634-91F8-6224F0416E65}.Release|x86.ActiveCfg = Release|Any CPU
		{DA9A91BD-1B6D-4634-91F8-6224F0416E65}.Release|x86.Build.0 = Release|Any CPU
		{8F3403A8-F07D-4CEF-B15E-E454BF979CB4}.Debug|Any CPU.ActiveCfg = Debug|Any CPU
		{8F3403A8-F07D-4CEF-B15E-E454BF979CB4}.Debug|Any CPU.Build.0 = Debug|Any CPU
		{8F3403A8-F07D-4CEF-B15E-E454BF979CB4}.Debug|x64.ActiveCfg = Debug|Any CPU
		{8F3403A8-F07D-4CEF-B15E-E454BF979CB4}.Debug|x64.Build.0 = Debug|Any CPU
		{8F3403A8-F07D-4CEF-B15E-E454BF979CB4}.Debug|x86.ActiveCfg = Debug|Any CPU
		{8F3403A8-F07D-4CEF-B15E-E454BF979CB4}.Debug|x86.Build.0 = Debug|Any CPU
		{8F3403A8-F07D-4CEF-B15E-E454BF979CB4}.Release|Any CPU.ActiveCfg = Release|Any CPU
		{8F3403A8-F07D-4CEF-B15E-E454BF979CB4}.Release|Any CPU.Build.0 = Release|Any CPU
		{8F3403A8-F07D-4CEF-B15E-E454BF979CB4}.Release|x64.ActiveCfg = Release|Any CPU
		{8F3403A8-F07D-4CEF-B15E-E454BF979CB4}.Release|x64.Build.0 = Release|Any CPU
		{8F3403A8-F07D-4CEF-B15E-E454BF979CB4}.Release|x86.ActiveCfg = Release|Any CPU
		{8F3403A8-F07D-4CEF-B15E-E454BF979CB4}.Release|x86.Build.0 = Release|Any CPU
		{6BFD4F41-D5C0-4E3A-A867-9215D4018AA5}.Debug|Any CPU.ActiveCfg = Debug|Any CPU
		{6BFD4F41-D5C0-4E3A-A867-9215D4018AA5}.Debug|Any CPU.Build.0 = Debug|Any CPU
		{6BFD4F41-D5C0-4E3A-A867-9215D4018AA5}.Debug|x64.ActiveCfg = Debug|Any CPU
		{6BFD4F41-D5C0-4E3A-A867-9215D4018AA5}.Debug|x64.Build.0 = Debug|Any CPU
		{6BFD4F41-D5C0-4E3A-A867-9215D4018AA5}.Debug|x86.ActiveCfg = Debug|Any CPU
		{6BFD4F41-D5C0-4E3A-A867-9215D4018AA5}.Debug|x86.Build.0 = Debug|Any CPU
		{6BFD4F41-D5C0-4E3A-A867-9215D4018AA5}.Release|Any CPU.ActiveCfg = Release|Any CPU
		{6BFD4F41-D5C0-4E3A-A867-9215D4018AA5}.Release|Any CPU.Build.0 = Release|Any CPU
		{6BFD4F41-D5C0-4E3A-A867-9215D4018AA5}.Release|x64.ActiveCfg = Release|Any CPU
		{6BFD4F41-D5C0-4E3A-A867-9215D4018AA5}.Release|x64.Build.0 = Release|Any CPU
		{6BFD4F41-D5C0-4E3A-A867-9215D4018AA5}.Release|x86.ActiveCfg = Release|Any CPU
		{6BFD4F41-D5C0-4E3A-A867-9215D4018AA5}.Release|x86.Build.0 = Release|Any CPU
		{A18800DF-B09A-454E-A1E4-D1B56B81649F}.Debug|Any CPU.ActiveCfg = Debug|Any CPU
		{A18800DF-B09A-454E-A1E4-D1B56B81649F}.Debug|Any CPU.Build.0 = Debug|Any CPU
		{A18800DF-B09A-454E-A1E4-D1B56B81649F}.Debug|x64.ActiveCfg = Debug|Any CPU
		{A18800DF-B09A-454E-A1E4-D1B56B81649F}.Debug|x64.Build.0 = Debug|Any CPU
		{A18800DF-B09A-454E-A1E4-D1B56B81649F}.Debug|x86.ActiveCfg = Debug|Any CPU
		{A18800DF-B09A-454E-A1E4-D1B56B81649F}.Debug|x86.Build.0 = Debug|Any CPU
		{A18800DF-B09A-454E-A1E4-D1B56B81649F}.Release|Any CPU.ActiveCfg = Release|Any CPU
		{A18800DF-B09A-454E-A1E4-D1B56B81649F}.Release|Any CPU.Build.0 = Release|Any CPU
		{A18800DF-B09A-454E-A1E4-D1B56B81649F}.Release|x64.ActiveCfg = Release|Any CPU
		{A18800DF-B09A-454E-A1E4-D1B56B81649F}.Release|x64.Build.0 = Release|Any CPU
		{A18800DF-B09A-454E-A1E4-D1B56B81649F}.Release|x86.ActiveCfg = Release|Any CPU
		{A18800DF-B09A-454E-A1E4-D1B56B81649F}.Release|x86.Build.0 = Release|Any CPU
		{EB618877-646B-4632-A102-2FC73B4B7B71}.Debug|Any CPU.ActiveCfg = Debug|Any CPU
		{EB618877-646B-4632-A102-2FC73B4B7B71}.Debug|Any CPU.Build.0 = Debug|Any CPU
		{EB618877-646B-4632-A102-2FC73B4B7B71}.Debug|x64.ActiveCfg = Debug|Any CPU
		{EB618877-646B-4632-A102-2FC73B4B7B71}.Debug|x64.Build.0 = Debug|Any CPU
		{EB618877-646B-4632-A102-2FC73B4B7B71}.Debug|x86.ActiveCfg = Debug|Any CPU
		{EB618877-646B-4632-A102-2FC73B4B7B71}.Debug|x86.Build.0 = Debug|Any CPU
		{EB618877-646B-4632-A102-2FC73B4B7B71}.Release|Any CPU.ActiveCfg = Release|Any CPU
		{EB618877-646B-4632-A102-2FC73B4B7B71}.Release|Any CPU.Build.0 = Release|Any CPU
		{EB618877-646B-4632-A102-2FC73B4B7B71}.Release|x64.ActiveCfg = Release|Any CPU
		{EB618877-646B-4632-A102-2FC73B4B7B71}.Release|x64.Build.0 = Release|Any CPU
		{EB618877-646B-4632-A102-2FC73B4B7B71}.Release|x86.ActiveCfg = Release|Any CPU
		{EB618877-646B-4632-A102-2FC73B4B7B71}.Release|x86.Build.0 = Release|Any CPU
		{173E5998-EC01-4FD3-8BFF-9EA6E32CBDBD}.Debug|Any CPU.ActiveCfg = Debug|Any CPU
		{173E5998-EC01-4FD3-8BFF-9EA6E32CBDBD}.Debug|Any CPU.Build.0 = Debug|Any CPU
		{173E5998-EC01-4FD3-8BFF-9EA6E32CBDBD}.Debug|x64.ActiveCfg = Debug|Any CPU
		{173E5998-EC01-4FD3-8BFF-9EA6E32CBDBD}.Debug|x64.Build.0 = Debug|Any CPU
		{173E5998-EC01-4FD3-8BFF-9EA6E32CBDBD}.Debug|x86.ActiveCfg = Debug|Any CPU
		{173E5998-EC01-4FD3-8BFF-9EA6E32CBDBD}.Debug|x86.Build.0 = Debug|Any CPU
		{173E5998-EC01-4FD3-8BFF-9EA6E32CBDBD}.Release|Any CPU.ActiveCfg = Release|Any CPU
		{173E5998-EC01-4FD3-8BFF-9EA6E32CBDBD}.Release|Any CPU.Build.0 = Release|Any CPU
		{173E5998-EC01-4FD3-8BFF-9EA6E32CBDBD}.Release|x64.ActiveCfg = Release|Any CPU
		{173E5998-EC01-4FD3-8BFF-9EA6E32CBDBD}.Release|x64.Build.0 = Release|Any CPU
		{173E5998-EC01-4FD3-8BFF-9EA6E32CBDBD}.Release|x86.ActiveCfg = Release|Any CPU
		{173E5998-EC01-4FD3-8BFF-9EA6E32CBDBD}.Release|x86.Build.0 = Release|Any CPU
		{66C52759-C425-4420-AFA3-C04BF5F83B6F}.Debug|Any CPU.ActiveCfg = Debug|Any CPU
		{66C52759-C425-4420-AFA3-C04BF5F83B6F}.Debug|Any CPU.Build.0 = Debug|Any CPU
		{66C52759-C425-4420-AFA3-C04BF5F83B6F}.Debug|x64.ActiveCfg = Debug|Any CPU
		{66C52759-C425-4420-AFA3-C04BF5F83B6F}.Debug|x64.Build.0 = Debug|Any CPU
		{66C52759-C425-4420-AFA3-C04BF5F83B6F}.Debug|x86.ActiveCfg = Debug|Any CPU
		{66C52759-C425-4420-AFA3-C04BF5F83B6F}.Debug|x86.Build.0 = Debug|Any CPU
		{66C52759-C425-4420-AFA3-C04BF5F83B6F}.Release|Any CPU.ActiveCfg = Release|Any CPU
		{66C52759-C425-4420-AFA3-C04BF5F83B6F}.Release|Any CPU.Build.0 = Release|Any CPU
		{66C52759-C425-4420-AFA3-C04BF5F83B6F}.Release|x64.ActiveCfg = Release|Any CPU
		{66C52759-C425-4420-AFA3-C04BF5F83B6F}.Release|x64.Build.0 = Release|Any CPU
		{66C52759-C425-4420-AFA3-C04BF5F83B6F}.Release|x86.ActiveCfg = Release|Any CPU
		{66C52759-C425-4420-AFA3-C04BF5F83B6F}.Release|x86.Build.0 = Release|Any CPU
		{76E38917-1694-4391-B35A-57ADC82C3208}.Debug|Any CPU.ActiveCfg = Debug|Any CPU
		{76E38917-1694-4391-B35A-57ADC82C3208}.Debug|Any CPU.Build.0 = Debug|Any CPU
		{76E38917-1694-4391-B35A-57ADC82C3208}.Debug|x64.ActiveCfg = Debug|Any CPU
		{76E38917-1694-4391-B35A-57ADC82C3208}.Debug|x64.Build.0 = Debug|Any CPU
		{76E38917-1694-4391-B35A-57ADC82C3208}.Debug|x86.ActiveCfg = Debug|Any CPU
		{76E38917-1694-4391-B35A-57ADC82C3208}.Debug|x86.Build.0 = Debug|Any CPU
		{76E38917-1694-4391-B35A-57ADC82C3208}.Release|Any CPU.ActiveCfg = Release|Any CPU
		{76E38917-1694-4391-B35A-57ADC82C3208}.Release|Any CPU.Build.0 = Release|Any CPU
		{76E38917-1694-4391-B35A-57ADC82C3208}.Release|x64.ActiveCfg = Release|Any CPU
		{76E38917-1694-4391-B35A-57ADC82C3208}.Release|x64.Build.0 = Release|Any CPU
		{76E38917-1694-4391-B35A-57ADC82C3208}.Release|x86.ActiveCfg = Release|Any CPU
		{76E38917-1694-4391-B35A-57ADC82C3208}.Release|x86.Build.0 = Release|Any CPU
		{E2817DAD-DC18-4033-AAAF-3EE921D42552}.Debug|Any CPU.ActiveCfg = Debug|Any CPU
		{E2817DAD-DC18-4033-AAAF-3EE921D42552}.Debug|Any CPU.Build.0 = Debug|Any CPU
		{E2817DAD-DC18-4033-AAAF-3EE921D42552}.Debug|x64.ActiveCfg = Debug|Any CPU
		{E2817DAD-DC18-4033-AAAF-3EE921D42552}.Debug|x64.Build.0 = Debug|Any CPU
		{E2817DAD-DC18-4033-AAAF-3EE921D42552}.Debug|x86.ActiveCfg = Debug|Any CPU
		{E2817DAD-DC18-4033-AAAF-3EE921D42552}.Debug|x86.Build.0 = Debug|Any CPU
		{E2817DAD-DC18-4033-AAAF-3EE921D42552}.Release|Any CPU.ActiveCfg = Release|Any CPU
		{E2817DAD-DC18-4033-AAAF-3EE921D42552}.Release|Any CPU.Build.0 = Release|Any CPU
		{E2817DAD-DC18-4033-AAAF-3EE921D42552}.Release|x64.ActiveCfg = Release|Any CPU
		{E2817DAD-DC18-4033-AAAF-3EE921D42552}.Release|x64.Build.0 = Release|Any CPU
		{E2817DAD-DC18-4033-AAAF-3EE921D42552}.Release|x86.ActiveCfg = Release|Any CPU
		{E2817DAD-DC18-4033-AAAF-3EE921D42552}.Release|x86.Build.0 = Release|Any CPU
		{0F6CFE3A-98A1-413E-808D-64ED71682707}.Debug|Any CPU.ActiveCfg = Debug|Any CPU
		{0F6CFE3A-98A1-413E-808D-64ED71682707}.Debug|Any CPU.Build.0 = Debug|Any CPU
		{0F6CFE3A-98A1-413E-808D-64ED71682707}.Debug|x64.ActiveCfg = Debug|Any CPU
		{0F6CFE3A-98A1-413E-808D-64ED71682707}.Debug|x64.Build.0 = Debug|Any CPU
		{0F6CFE3A-98A1-413E-808D-64ED71682707}.Debug|x86.ActiveCfg = Debug|Any CPU
		{0F6CFE3A-98A1-413E-808D-64ED71682707}.Debug|x86.Build.0 = Debug|Any CPU
		{0F6CFE3A-98A1-413E-808D-64ED71682707}.Release|Any CPU.ActiveCfg = Release|Any CPU
		{0F6CFE3A-98A1-413E-808D-64ED71682707}.Release|Any CPU.Build.0 = Release|Any CPU
		{0F6CFE3A-98A1-413E-808D-64ED71682707}.Release|x64.ActiveCfg = Release|Any CPU
		{0F6CFE3A-98A1-413E-808D-64ED71682707}.Release|x64.Build.0 = Release|Any CPU
		{0F6CFE3A-98A1-413E-808D-64ED71682707}.Release|x86.ActiveCfg = Release|Any CPU
		{0F6CFE3A-98A1-413E-808D-64ED71682707}.Release|x86.Build.0 = Release|Any CPU
		{2F74B49B-FE20-43EB-B257-453DBAECB856}.Debug|Any CPU.ActiveCfg = Debug|Any CPU
		{2F74B49B-FE20-43EB-B257-453DBAECB856}.Debug|Any CPU.Build.0 = Debug|Any CPU
		{2F74B49B-FE20-43EB-B257-453DBAECB856}.Debug|x64.ActiveCfg = Debug|Any CPU
		{2F74B49B-FE20-43EB-B257-453DBAECB856}.Debug|x64.Build.0 = Debug|Any CPU
		{2F74B49B-FE20-43EB-B257-453DBAECB856}.Debug|x86.ActiveCfg = Debug|Any CPU
		{2F74B49B-FE20-43EB-B257-453DBAECB856}.Debug|x86.Build.0 = Debug|Any CPU
		{2F74B49B-FE20-43EB-B257-453DBAECB856}.Release|Any CPU.ActiveCfg = Release|Any CPU
		{2F74B49B-FE20-43EB-B257-453DBAECB856}.Release|Any CPU.Build.0 = Release|Any CPU
		{2F74B49B-FE20-43EB-B257-453DBAECB856}.Release|x64.ActiveCfg = Release|Any CPU
		{2F74B49B-FE20-43EB-B257-453DBAECB856}.Release|x64.Build.0 = Release|Any CPU
		{2F74B49B-FE20-43EB-B257-453DBAECB856}.Release|x86.ActiveCfg = Release|Any CPU
		{2F74B49B-FE20-43EB-B257-453DBAECB856}.Release|x86.Build.0 = Release|Any CPU
		{BF3D870D-83CE-4B09-A3CA-C9382F4104D4}.Debug|Any CPU.ActiveCfg = Debug|Any CPU
		{BF3D870D-83CE-4B09-A3CA-C9382F4104D4}.Debug|Any CPU.Build.0 = Debug|Any CPU
		{BF3D870D-83CE-4B09-A3CA-C9382F4104D4}.Debug|x64.ActiveCfg = Debug|Any CPU
		{BF3D870D-83CE-4B09-A3CA-C9382F4104D4}.Debug|x64.Build.0 = Debug|Any CPU
		{BF3D870D-83CE-4B09-A3CA-C9382F4104D4}.Debug|x86.ActiveCfg = Debug|Any CPU
		{BF3D870D-83CE-4B09-A3CA-C9382F4104D4}.Debug|x86.Build.0 = Debug|Any CPU
		{BF3D870D-83CE-4B09-A3CA-C9382F4104D4}.Release|Any CPU.ActiveCfg = Release|Any CPU
		{BF3D870D-83CE-4B09-A3CA-C9382F4104D4}.Release|Any CPU.Build.0 = Release|Any CPU
		{BF3D870D-83CE-4B09-A3CA-C9382F4104D4}.Release|x64.ActiveCfg = Release|Any CPU
		{BF3D870D-83CE-4B09-A3CA-C9382F4104D4}.Release|x64.Build.0 = Release|Any CPU
		{BF3D870D-83CE-4B09-A3CA-C9382F4104D4}.Release|x86.ActiveCfg = Release|Any CPU
		{BF3D870D-83CE-4B09-A3CA-C9382F4104D4}.Release|x86.Build.0 = Release|Any CPU
		{7F4CE310-D2F2-47BC-AB7C-B6E1077851D8}.Debug|Any CPU.ActiveCfg = Debug|Any CPU
		{7F4CE310-D2F2-47BC-AB7C-B6E1077851D8}.Debug|Any CPU.Build.0 = Debug|Any CPU
		{7F4CE310-D2F2-47BC-AB7C-B6E1077851D8}.Debug|x64.ActiveCfg = Debug|Any CPU
		{7F4CE310-D2F2-47BC-AB7C-B6E1077851D8}.Debug|x64.Build.0 = Debug|Any CPU
		{7F4CE310-D2F2-47BC-AB7C-B6E1077851D8}.Debug|x86.ActiveCfg = Debug|Any CPU
		{7F4CE310-D2F2-47BC-AB7C-B6E1077851D8}.Debug|x86.Build.0 = Debug|Any CPU
		{7F4CE310-D2F2-47BC-AB7C-B6E1077851D8}.Release|Any CPU.ActiveCfg = Release|Any CPU
		{7F4CE310-D2F2-47BC-AB7C-B6E1077851D8}.Release|Any CPU.Build.0 = Release|Any CPU
		{7F4CE310-D2F2-47BC-AB7C-B6E1077851D8}.Release|x64.ActiveCfg = Release|Any CPU
		{7F4CE310-D2F2-47BC-AB7C-B6E1077851D8}.Release|x64.Build.0 = Release|Any CPU
		{7F4CE310-D2F2-47BC-AB7C-B6E1077851D8}.Release|x86.ActiveCfg = Release|Any CPU
		{7F4CE310-D2F2-47BC-AB7C-B6E1077851D8}.Release|x86.Build.0 = Release|Any CPU
		{8D5DED93-52AA-4979-A241-D177037BB19C}.Debug|Any CPU.ActiveCfg = Debug|Any CPU
		{8D5DED93-52AA-4979-A241-D177037BB19C}.Debug|Any CPU.Build.0 = Debug|Any CPU
		{8D5DED93-52AA-4979-A241-D177037BB19C}.Debug|x64.ActiveCfg = Debug|Any CPU
		{8D5DED93-52AA-4979-A241-D177037BB19C}.Debug|x64.Build.0 = Debug|Any CPU
		{8D5DED93-52AA-4979-A241-D177037BB19C}.Debug|x86.ActiveCfg = Debug|Any CPU
		{8D5DED93-52AA-4979-A241-D177037BB19C}.Debug|x86.Build.0 = Debug|Any CPU
		{8D5DED93-52AA-4979-A241-D177037BB19C}.Release|Any CPU.ActiveCfg = Release|Any CPU
		{8D5DED93-52AA-4979-A241-D177037BB19C}.Release|Any CPU.Build.0 = Release|Any CPU
		{8D5DED93-52AA-4979-A241-D177037BB19C}.Release|x64.ActiveCfg = Release|Any CPU
		{8D5DED93-52AA-4979-A241-D177037BB19C}.Release|x64.Build.0 = Release|Any CPU
		{8D5DED93-52AA-4979-A241-D177037BB19C}.Release|x86.ActiveCfg = Release|Any CPU
		{8D5DED93-52AA-4979-A241-D177037BB19C}.Release|x86.Build.0 = Release|Any CPU
	EndGlobalSection
	GlobalSection(SolutionProperties) = preSolution
		HideSolutionNode = FALSE
	EndGlobalSection
	GlobalSection(NestedProjects) = preSolution
		{886CA785-28AD-464D-AE18-2F81F361FF88} = {BC0265BF-FD43-4440-A265-0E70F62B1410}
		{A7246918-1FAF-42C5-838C-16AB2EF5AFD7} = {886CA785-28AD-464D-AE18-2F81F361FF88}
		{7D26928A-A684-4BB1-9B9F-90CC8AE16BA3} = {886CA785-28AD-464D-AE18-2F81F361FF88}
		{ED71AD7B-C23E-4DB6-86BE-DAA4C5A26293} = {886CA785-28AD-464D-AE18-2F81F361FF88}
		{43820BA9-CF92-4E09-B0B8-67D5D8BDE927} = {565982FA-8115-4608-9A08-FB1E148752EB}
		{AC558BCA-E450-4625-B1C4-47F2101841D3} = {565982FA-8115-4608-9A08-FB1E148752EB}
		{E1CA107D-E5EA-4E0D-8715-9151619D9A8E} = {565982FA-8115-4608-9A08-FB1E148752EB}
		{79E890BA-BD0E-4429-A770-81899AD59E72} = {ED71AD7B-C23E-4DB6-86BE-DAA4C5A26293}
		{DA9A91BD-1B6D-4634-91F8-6224F0416E65} = {ED71AD7B-C23E-4DB6-86BE-DAA4C5A26293}
		{8F3403A8-F07D-4CEF-B15E-E454BF979CB4} = {7D26928A-A684-4BB1-9B9F-90CC8AE16BA3}
		{6BFD4F41-D5C0-4E3A-A867-9215D4018AA5} = {A7246918-1FAF-42C5-838C-16AB2EF5AFD7}
		{A18800DF-B09A-454E-A1E4-D1B56B81649F} = {E1CA107D-E5EA-4E0D-8715-9151619D9A8E}
		{EB618877-646B-4632-A102-2FC73B4B7B71} = {E1CA107D-E5EA-4E0D-8715-9151619D9A8E}
		{173E5998-EC01-4FD3-8BFF-9EA6E32CBDBD} = {AC558BCA-E450-4625-B1C4-47F2101841D3}
		{66C52759-C425-4420-AFA3-C04BF5F83B6F} = {43820BA9-CF92-4E09-B0B8-67D5D8BDE927}
		{76E38917-1694-4391-B35A-57ADC82C3208} = {8C281658-40A8-466E-9E70-8044452E060E}
		{E2817DAD-DC18-4033-AAAF-3EE921D42552} = {8C281658-40A8-466E-9E70-8044452E060E}
		{0F6CFE3A-98A1-413E-808D-64ED71682707} = {8C281658-40A8-466E-9E70-8044452E060E}
		{2F74B49B-FE20-43EB-B257-453DBAECB856} = {8C281658-40A8-466E-9E70-8044452E060E}
		{BF3D870D-83CE-4B09-A3CA-C9382F4104D4} = {8C281658-40A8-466E-9E70-8044452E060E}
		{7F4CE310-D2F2-47BC-AB7C-B6E1077851D8} = {ED71AD7B-C23E-4DB6-86BE-DAA4C5A26293}
		{8D5DED93-52AA-4979-A241-D177037BB19C} = {8C281658-40A8-466E-9E70-8044452E060E}
	EndGlobalSection
	GlobalSection(ExtensibilityGlobals) = postSolution
		SolutionGuid = {5401E5B9-6C83-4498-AF90-19477905BBAA}
	EndGlobalSection
EndGlobal
