
Microsoft Visual Studio Solution File, Format Version 12.00
# Visual Studio 15
VisualStudioVersion = 15.0.26730.12
MinimumVisualStudioVersion = 10.0.40219.1
Project("{2150E333-8FDC-42A3-9474-1A3956D46DE8}") = "Solution Items", "Solution Items", "{200710AC-5416-47B8-84F3-7DDDFBB1E704}"
	ProjectSection(SolutionItems) = preProject
		.gitattributes = .gitattributes
		.gitignore = .gitignore
		.travis.yml = .travis.yml
		appveyor.yml = appveyor.yml
		LICENSE = LICENSE
		README.md = README.md
	EndProjectSection
EndProject
Project("{2150E333-8FDC-42A3-9474-1A3956D46DE8}") = "src", "src", "{BC0265BF-FD43-4440-A265-0E70F62B1410}"
EndProject
Project("{2150E333-8FDC-42A3-9474-1A3956D46DE8}") = "1. Seedwork and Crosscutting Layers", "1. Seedwork and Crosscutting Layers", "{886CA785-28AD-464D-AE18-2F81F361FF88}"
EndProject
Project("{2150E333-8FDC-42A3-9474-1A3956D46DE8}") = "1.2. Application", "1.2. Application", "{A7246918-1FAF-42C5-838C-16AB2EF5AFD7}"
EndProject
Project("{2150E333-8FDC-42A3-9474-1A3956D46DE8}") = "1.3. Domain", "1.3. Domain", "{7D26928A-A684-4BB1-9B9F-90CC8AE16BA3}"
EndProject
Project("{2150E333-8FDC-42A3-9474-1A3956D46DE8}") = "1.4. Infrastructure", "1.4. Infrastructure", "{ED71AD7B-C23E-4DB6-86BE-DAA4C5A26293}"
EndProject
Project("{2150E333-8FDC-42A3-9474-1A3956D46DE8}") = "2. Tests", "2. Tests", "{DDB880EF-3D93-46AD-891B-E579217EADFC}"
EndProject
Project("{2150E333-8FDC-42A3-9474-1A3956D46DE8}") = "2.1. Web", "2.1. Web", "{D4E0A72B-0F1A-4A7D-BFDA-583C4B0B42BE}"
EndProject
Project("{2150E333-8FDC-42A3-9474-1A3956D46DE8}") = "2.2. Application", "2.2. Application", "{43820BA9-CF92-4E09-B0B8-67D5D8BDE927}"
EndProject
Project("{2150E333-8FDC-42A3-9474-1A3956D46DE8}") = "2.3. Domain", "2.3. Domain", "{AC558BCA-E450-4625-B1C4-47F2101841D3}"
EndProject
Project("{2150E333-8FDC-42A3-9474-1A3956D46DE8}") = "2.4. Infrastructure", "2.4. Infrastructure", "{E1CA107D-E5EA-4E0D-8715-9151619D9A8E}"
EndProject
Project("{9A19103F-16F7-4668-BE54-9A1E7A4F7556}") = "Infra.Crosscutting", "src\Infra.Crosscutting\Infra.Crosscutting.csproj", "{79E890BA-BD0E-4429-A770-81899AD59E72}"
EndProject
Project("{9A19103F-16F7-4668-BE54-9A1E7A4F7556}") = "Infra.Data.Seedwork", "src\Infra.Data.Seedwork\Infra.Data.Seedwork.csproj", "{DA9A91BD-1B6D-4634-91F8-6224F0416E65}"
EndProject
Project("{9A19103F-16F7-4668-BE54-9A1E7A4F7556}") = "Domain.Seedwork", "src\Domain.Seedwork\Domain.Seedwork.csproj", "{8F3403A8-F07D-4CEF-B15E-E454BF979CB4}"
EndProject
Project("{9A19103F-16F7-4668-BE54-9A1E7A4F7556}") = "Application.Seedwork", "src\Application.Seedwork\Application.Seedwork.csproj", "{6BFD4F41-D5C0-4E3A-A867-9215D4018AA5}"
EndProject
Project("{9A19103F-16F7-4668-BE54-9A1E7A4F7556}") = "Application.Seedwork.Tests", "src\Application.Seedwork.Tests\Application.Seedwork.Tests.csproj", "{927D5920-0E0E-46D0-8F7E-C8C45A45C506}"
EndProject
Project("{9A19103F-16F7-4668-BE54-9A1E7A4F7556}") = "Infra.Crosscutting.Tests", "src\Infra.Crosscutting.Tests\Infra.Crosscutting.Tests.csproj", "{8E408A7F-67BB-4D9D-82C4-6EEAD17E2E69}"
EndProject
Project("{9A19103F-16F7-4668-BE54-9A1E7A4F7556}") = "Domain.Seedwork.Tests", "src\Domain.Seedwork.Tests\Domain.Seedwork.Tests.csproj", "{4E46B390-C1D1-4806-A8F7-D6FF3F7E519D}"
EndProject
Project("{9A19103F-16F7-4668-BE54-9A1E7A4F7556}") = "Infra.Data.Seedwork.Tests", "src\Infra.Data.Seedwork.Tests\Infra.Data.Seedwork.Tests.csproj", "{CBFE7B00-EEB9-41C3-8B56-21432871C33A}"
EndProject
Project("{2150E333-8FDC-42A3-9474-1A3956D46DE8}") = "Samples", "Samples", "{0D05FEA3-51D1-4CF5-9F50-46B004AFB029}"
EndProject
Project("{FAE04EC0-301F-11D3-BF4B-00C04F79EFBC}") = "Ritter.Sample.Console", "Samples\Ritter.Sample.Console\Ritter.Sample.Console.csproj", "{AD79E62E-AFBF-475A-BFB4-43B69783D5BD}"
EndProject
Project("{FAE04EC0-301F-11D3-BF4B-00C04F79EFBC}") = "Ritter.Samples.Application", "Samples\Ritter.Samples.Application\Ritter.Samples.Application.csproj", "{04BA3EC5-3517-4007-B8C1-DA6D668CB233}"
EndProject
Project("{FAE04EC0-301F-11D3-BF4B-00C04F79EFBC}") = "Ritter.Samples.Domain", "Samples\Ritter.Samples.Domain\Ritter.Samples.Domain.csproj", "{F4AC741C-18DE-419F-968E-67848C4D4C66}"
EndProject
Project("{9A19103F-16F7-4668-BE54-9A1E7A4F7556}") = "Ritter.Samples.Infra.Data", "Samples\Ritter.Samples.Infra.Data\Ritter.Samples.Infra.Data.csproj", "{DCFB2DDF-8862-4696-9E18-605C89668685}"
EndProject
Global
	GlobalSection(SolutionConfigurationPlatforms) = preSolution
		Debug|Any CPU = Debug|Any CPU
		Release|Any CPU = Release|Any CPU
	EndGlobalSection
	GlobalSection(ProjectConfigurationPlatforms) = postSolution
		{79E890BA-BD0E-4429-A770-81899AD59E72}.Debug|Any CPU.ActiveCfg = Debug|Any CPU
		{79E890BA-BD0E-4429-A770-81899AD59E72}.Debug|Any CPU.Build.0 = Debug|Any CPU
		{79E890BA-BD0E-4429-A770-81899AD59E72}.Release|Any CPU.ActiveCfg = Release|Any CPU
		{79E890BA-BD0E-4429-A770-81899AD59E72}.Release|Any CPU.Build.0 = Release|Any CPU
		{DA9A91BD-1B6D-4634-91F8-6224F0416E65}.Debug|Any CPU.ActiveCfg = Debug|Any CPU
		{DA9A91BD-1B6D-4634-91F8-6224F0416E65}.Debug|Any CPU.Build.0 = Debug|Any CPU
		{DA9A91BD-1B6D-4634-91F8-6224F0416E65}.Release|Any CPU.ActiveCfg = Release|Any CPU
		{DA9A91BD-1B6D-4634-91F8-6224F0416E65}.Release|Any CPU.Build.0 = Release|Any CPU
		{8F3403A8-F07D-4CEF-B15E-E454BF979CB4}.Debug|Any CPU.ActiveCfg = Debug|Any CPU
		{8F3403A8-F07D-4CEF-B15E-E454BF979CB4}.Debug|Any CPU.Build.0 = Debug|Any CPU
		{8F3403A8-F07D-4CEF-B15E-E454BF979CB4}.Release|Any CPU.ActiveCfg = Release|Any CPU
		{8F3403A8-F07D-4CEF-B15E-E454BF979CB4}.Release|Any CPU.Build.0 = Release|Any CPU
		{6BFD4F41-D5C0-4E3A-A867-9215D4018AA5}.Debug|Any CPU.ActiveCfg = Debug|Any CPU
		{6BFD4F41-D5C0-4E3A-A867-9215D4018AA5}.Debug|Any CPU.Build.0 = Debug|Any CPU
		{6BFD4F41-D5C0-4E3A-A867-9215D4018AA5}.Release|Any CPU.ActiveCfg = Release|Any CPU
		{6BFD4F41-D5C0-4E3A-A867-9215D4018AA5}.Release|Any CPU.Build.0 = Release|Any CPU
		{927D5920-0E0E-46D0-8F7E-C8C45A45C506}.Debug|Any CPU.ActiveCfg = Debug|Any CPU
		{927D5920-0E0E-46D0-8F7E-C8C45A45C506}.Debug|Any CPU.Build.0 = Debug|Any CPU
		{927D5920-0E0E-46D0-8F7E-C8C45A45C506}.Release|Any CPU.ActiveCfg = Release|Any CPU
		{927D5920-0E0E-46D0-8F7E-C8C45A45C506}.Release|Any CPU.Build.0 = Release|Any CPU
		{8E408A7F-67BB-4D9D-82C4-6EEAD17E2E69}.Debug|Any CPU.ActiveCfg = Debug|Any CPU
		{8E408A7F-67BB-4D9D-82C4-6EEAD17E2E69}.Debug|Any CPU.Build.0 = Debug|Any CPU
		{8E408A7F-67BB-4D9D-82C4-6EEAD17E2E69}.Release|Any CPU.ActiveCfg = Release|Any CPU
		{8E408A7F-67BB-4D9D-82C4-6EEAD17E2E69}.Release|Any CPU.Build.0 = Release|Any CPU
		{4E46B390-C1D1-4806-A8F7-D6FF3F7E519D}.Debug|Any CPU.ActiveCfg = Debug|Any CPU
		{4E46B390-C1D1-4806-A8F7-D6FF3F7E519D}.Debug|Any CPU.Build.0 = Debug|Any CPU
		{4E46B390-C1D1-4806-A8F7-D6FF3F7E519D}.Release|Any CPU.ActiveCfg = Release|Any CPU
		{4E46B390-C1D1-4806-A8F7-D6FF3F7E519D}.Release|Any CPU.Build.0 = Release|Any CPU
		{CBFE7B00-EEB9-41C3-8B56-21432871C33A}.Debug|Any CPU.ActiveCfg = Debug|Any CPU
		{CBFE7B00-EEB9-41C3-8B56-21432871C33A}.Debug|Any CPU.Build.0 = Debug|Any CPU
		{CBFE7B00-EEB9-41C3-8B56-21432871C33A}.Release|Any CPU.ActiveCfg = Release|Any CPU
		{CBFE7B00-EEB9-41C3-8B56-21432871C33A}.Release|Any CPU.Build.0 = Release|Any CPU
		{AD79E62E-AFBF-475A-BFB4-43B69783D5BD}.Debug|Any CPU.ActiveCfg = Debug|Any CPU
		{AD79E62E-AFBF-475A-BFB4-43B69783D5BD}.Debug|Any CPU.Build.0 = Debug|Any CPU
		{AD79E62E-AFBF-475A-BFB4-43B69783D5BD}.Release|Any CPU.ActiveCfg = Release|Any CPU
		{AD79E62E-AFBF-475A-BFB4-43B69783D5BD}.Release|Any CPU.Build.0 = Release|Any CPU
		{04BA3EC5-3517-4007-B8C1-DA6D668CB233}.Debug|Any CPU.ActiveCfg = Debug|Any CPU
		{04BA3EC5-3517-4007-B8C1-DA6D668CB233}.Debug|Any CPU.Build.0 = Debug|Any CPU
		{04BA3EC5-3517-4007-B8C1-DA6D668CB233}.Release|Any CPU.ActiveCfg = Release|Any CPU
		{04BA3EC5-3517-4007-B8C1-DA6D668CB233}.Release|Any CPU.Build.0 = Release|Any CPU
		{F4AC741C-18DE-419F-968E-67848C4D4C66}.Debug|Any CPU.ActiveCfg = Debug|Any CPU
		{F4AC741C-18DE-419F-968E-67848C4D4C66}.Debug|Any CPU.Build.0 = Debug|Any CPU
		{F4AC741C-18DE-419F-968E-67848C4D4C66}.Release|Any CPU.ActiveCfg = Release|Any CPU
		{F4AC741C-18DE-419F-968E-67848C4D4C66}.Release|Any CPU.Build.0 = Release|Any CPU
		{DCFB2DDF-8862-4696-9E18-605C89668685}.Debug|Any CPU.ActiveCfg = Debug|Any CPU
		{DCFB2DDF-8862-4696-9E18-605C89668685}.Debug|Any CPU.Build.0 = Debug|Any CPU
		{DCFB2DDF-8862-4696-9E18-605C89668685}.Release|Any CPU.ActiveCfg = Release|Any CPU
		{DCFB2DDF-8862-4696-9E18-605C89668685}.Release|Any CPU.Build.0 = Release|Any CPU
	EndGlobalSection
	GlobalSection(SolutionProperties) = preSolution
		HideSolutionNode = FALSE
	EndGlobalSection
	GlobalSection(NestedProjects) = preSolution
		{886CA785-28AD-464D-AE18-2F81F361FF88} = {BC0265BF-FD43-4440-A265-0E70F62B1410}
		{A7246918-1FAF-42C5-838C-16AB2EF5AFD7} = {886CA785-28AD-464D-AE18-2F81F361FF88}
		{7D26928A-A684-4BB1-9B9F-90CC8AE16BA3} = {886CA785-28AD-464D-AE18-2F81F361FF88}
		{ED71AD7B-C23E-4DB6-86BE-DAA4C5A26293} = {886CA785-28AD-464D-AE18-2F81F361FF88}
		{DDB880EF-3D93-46AD-891B-E579217EADFC} = {BC0265BF-FD43-4440-A265-0E70F62B1410}
		{D4E0A72B-0F1A-4A7D-BFDA-583C4B0B42BE} = {DDB880EF-3D93-46AD-891B-E579217EADFC}
		{43820BA9-CF92-4E09-B0B8-67D5D8BDE927} = {DDB880EF-3D93-46AD-891B-E579217EADFC}
		{AC558BCA-E450-4625-B1C4-47F2101841D3} = {DDB880EF-3D93-46AD-891B-E579217EADFC}
		{E1CA107D-E5EA-4E0D-8715-9151619D9A8E} = {DDB880EF-3D93-46AD-891B-E579217EADFC}
		{79E890BA-BD0E-4429-A770-81899AD59E72} = {ED71AD7B-C23E-4DB6-86BE-DAA4C5A26293}
		{DA9A91BD-1B6D-4634-91F8-6224F0416E65} = {ED71AD7B-C23E-4DB6-86BE-DAA4C5A26293}
		{8F3403A8-F07D-4CEF-B15E-E454BF979CB4} = {7D26928A-A684-4BB1-9B9F-90CC8AE16BA3}
		{6BFD4F41-D5C0-4E3A-A867-9215D4018AA5} = {A7246918-1FAF-42C5-838C-16AB2EF5AFD7}
		{927D5920-0E0E-46D0-8F7E-C8C45A45C506} = {43820BA9-CF92-4E09-B0B8-67D5D8BDE927}
		{8E408A7F-67BB-4D9D-82C4-6EEAD17E2E69} = {E1CA107D-E5EA-4E0D-8715-9151619D9A8E}
		{4E46B390-C1D1-4806-A8F7-D6FF3F7E519D} = {AC558BCA-E450-4625-B1C4-47F2101841D3}
		{CBFE7B00-EEB9-41C3-8B56-21432871C33A} = {E1CA107D-E5EA-4E0D-8715-9151619D9A8E}
		{AD79E62E-AFBF-475A-BFB4-43B69783D5BD} = {0D05FEA3-51D1-4CF5-9F50-46B004AFB029}
		{04BA3EC5-3517-4007-B8C1-DA6D668CB233} = {0D05FEA3-51D1-4CF5-9F50-46B004AFB029}
		{F4AC741C-18DE-419F-968E-67848C4D4C66} = {0D05FEA3-51D1-4CF5-9F50-46B004AFB029}
		{DCFB2DDF-8862-4696-9E18-605C89668685} = {0D05FEA3-51D1-4CF5-9F50-46B004AFB029}
	EndGlobalSection
	GlobalSection(ExtensibilityGlobals) = postSolution
		SolutionGuid = {5401E5B9-6C83-4498-AF90-19477905BBAA}
	EndGlobalSection
EndGlobal
