
Microsoft Visual Studio Solution File, Format Version 12.00
# Visual Studio 14
VisualStudioVersion = 14.0.24720.0
MinimumVisualStudioVersion = 10.0.40219.1
Project("{2150E333-8FDC-42A3-9474-1A3956D46DE8}") = "1. UI", "1. UI", "{1733FBFE-50C8-4C34-9C34-90A671464CDC}"
EndProject
Project("{2150E333-8FDC-42A3-9474-1A3956D46DE8}") = "3. Application", "3. Application", "{C73709C4-05E6-47DF-BD52-35FE529BC2C4}"
EndProject
Project("{2150E333-8FDC-42A3-9474-1A3956D46DE8}") = "4. Domain", "4. Domain", "{0F7DB2FC-22D5-4E86-8F85-B2905CA47080}"
EndProject
Project("{2150E333-8FDC-42A3-9474-1A3956D46DE8}") = "5. Infrastructure", "5. Infrastructure", "{DF6FD874-4CE1-4FAA-B8FC-0F082DE58062}"
EndProject
Project("{FAE04EC0-301F-11D3-BF4B-00C04F79EFBC}") = "Aritter.Application", "Aritter.Application\Aritter.Application.csproj", "{EFD109C4-3585-4E76-963C-5F612D4A4CB4}"
EndProject
Project("{FAE04EC0-301F-11D3-BF4B-00C04F79EFBC}") = "Aritter.Domain", "Aritter.Domain\Aritter.Domain.csproj", "{85545F1E-9852-4445-9415-5C179B6BC033}"
EndProject
Project("{FAE04EC0-301F-11D3-BF4B-00C04F79EFBC}") = "Aritter.Infra.CrossCutting", "Aritter.Infra.CrossCutting\Aritter.Infra.CrossCutting.csproj", "{2093FB97-7895-486D-9809-78A11A7B1261}"
EndProject
Project("{FAE04EC0-301F-11D3-BF4B-00C04F79EFBC}") = "Aritter.Infra.Data", "Aritter.Infra.Data\Aritter.Infra.Data.csproj", "{7C6B74A2-A4FA-4979-942E-F8C91DEF8D8C}"
EndProject
Project("{FAE04EC0-301F-11D3-BF4B-00C04F79EFBC}") = "Aritter.Infra.IoC", "Aritter.Infra.IoC\Aritter.Infra.IoC.csproj", "{4F96CEA7-147D-4E02-BF46-85019109B3F2}"
EndProject
Project("{2150E333-8FDC-42A3-9474-1A3956D46DE8}") = ".nuget", ".nuget", "{158A8402-69AF-4F05-92E1-1A74CD9A3A31}"
	ProjectSection(SolutionItems) = preProject
		.nuget\NuGet.Config = .nuget\NuGet.Config
		.nuget\NuGet.exe = .nuget\NuGet.exe
		.nuget\NuGet.targets = .nuget\NuGet.targets
	EndProjectSection
EndProject
Project("{2150E333-8FDC-42A3-9474-1A3956D46DE8}") = "2. Host", "2. Host", "{DB0AFF6E-7B6B-4737-A667-2519492C71F3}"
EndProject
Project("{2150E333-8FDC-42A3-9474-1A3956D46DE8}") = "1. CrossCutting", "1. CrossCutting", "{DA69E82D-DF89-403C-B1BE-ECCD62F25DBB}"
EndProject
Project("{2150E333-8FDC-42A3-9474-1A3956D46DE8}") = "2. Data", "2. Data", "{87ED62B5-9017-45B1-8B0D-C4440AD125DB}"
EndProject
Project("{2150E333-8FDC-42A3-9474-1A3956D46DE8}") = "3. IoC", "3. IoC", "{051AE4F4-EFCE-49A5-A1E5-424F0AF538C7}"
EndProject
Project("{8BB2217D-0F2D-49D1-97BC-3654ED321F3B}") = "Aritter.Web", "Aritter.Web\Aritter.Web.xproj", "{B8963663-5118-4CBC-8CF1-75F818C6C393}"
EndProject
Project("{2150E333-8FDC-42A3-9474-1A3956D46DE8}") = "0 - Solution Itens", "0 - Solution Itens", "{10DE524E-9F25-480B-A29F-3C8713504331}"
	ProjectSection(SolutionItems) = preProject
		global.json = global.json
		Prebuild.ps1 = Prebuild.ps1
	EndProjectSection
EndProject
Project("{FAE04EC0-301F-11D3-BF4B-00C04F79EFBC}") = "Aritter.Application.Seedwork", "Aritter.Application.Seedwork\Aritter.Application.Seedwork.csproj", "{845A6393-C5EE-4BA5-BACD-F41A60A927BB}"
EndProject
Project("{2150E333-8FDC-42A3-9474-1A3956D46DE8}") = "1. Seedwork", "1. Seedwork", "{F2139F9C-1097-42D4-9E47-7630E26312BA}"
EndProject
Project("{2150E333-8FDC-42A3-9474-1A3956D46DE8}") = "2. Bounded Context", "2. Bounded Context", "{48C0874E-3692-4134-B8C7-113D52BEEC4F}"
EndProject
Project("{2150E333-8FDC-42A3-9474-1A3956D46DE8}") = "1. Seedwork", "1. Seedwork", "{E2E4D2B4-9D0C-445D-B110-87D667D87726}"
EndProject
Project("{2150E333-8FDC-42A3-9474-1A3956D46DE8}") = "2. Bounded Context", "2. Bounded Context", "{1A12BC82-741D-437B-9DEE-E0985FD2DED7}"
EndProject
Project("{FAE04EC0-301F-11D3-BF4B-00C04F79EFBC}") = "Aritter.Domain.Seedwork", "Aritter.Domain.Seedwork\Aritter.Domain.Seedwork.csproj", "{99ADFF0C-2BB3-4B75-B17C-B31C6683D86A}"
EndProject
Project("{FAE04EC0-301F-11D3-BF4B-00C04F79EFBC}") = "Aritter.API", "Aritter.API\Aritter.API.csproj", "{84E5B760-997E-4432-B6B3-E20277BAF9F8}"
EndProject
Project("{FAE04EC0-301F-11D3-BF4B-00C04F79EFBC}") = "Aritter.Infra.Data.Seedwork", "Aritter.Infra.Data.Seedwork\Aritter.Infra.Data.Seedwork.csproj", "{BF8A48F4-D09A-4441-A5DA-2A2BE33CEEA6}"
EndProject
Project("{2150E333-8FDC-42A3-9474-1A3956D46DE8}") = "1. Seedwork", "1. Seedwork", "{B72E2D24-B546-47B2-877E-0F3F4F447FF5}"
EndProject
Project("{2150E333-8FDC-42A3-9474-1A3956D46DE8}") = "2. Bounded Context", "2. Bounded Context", "{F58A8410-8A16-410C-B35C-0A264C4A32FD}"
EndProject
Project("{2150E333-8FDC-42A3-9474-1A3956D46DE8}") = "4. Configuration", "4. Configuration", "{D2E9E0D9-E428-4B15-9AEE-F7129884BC56}"
EndProject
Project("{FAE04EC0-301F-11D3-BF4B-00C04F79EFBC}") = "Aritter.Infra.Configuration", "Aritter.Infra.Configuration\Aritter.Infra.Configuration.csproj", "{A18237CA-2209-4B8D-B3E7-47FD974F6520}"
EndProject
Project("{2150E333-8FDC-42A3-9474-1A3956D46DE8}") = "6. Database", "6. Database", "{B9B4F6DC-6D8B-4C48-9324-469B6CFB1DBD}"
EndProject
Project("{00D1A9C2-B5F0-4AF3-8072-F6C62B433612}") = "Aritter.Database.SqlServer", "Aritter.Database.SqlServer\Aritter.Database.SqlServer.sqlproj", "{D5F1E402-7DD7-462A-AED5-48A8101A56FF}"
EndProject
Project("{FAE04EC0-301F-11D3-BF4B-00C04F79EFBC}") = "Aritter.Application.DTO", "Aritter.Application.DTO\Aritter.Application.DTO.csproj", "{FEC6D183-3290-499F-939C-950090E20EEF}"
EndProject
Project("{2150E333-8FDC-42A3-9474-1A3956D46DE8}") = "7. Tests", "7. Tests", "{CAECE813-2FB8-4CA6-A38E-30BB4FB4C790}"
EndProject
Project("{2150E333-8FDC-42A3-9474-1A3956D46DE8}") = "1. Host", "1. Host", "{A25069C6-03B2-42BD-8273-05752739DC23}"
EndProject
Project("{FAE04EC0-301F-11D3-BF4B-00C04F79EFBC}") = "Aritter.API.Tests", "Aritter.API.Tests\Aritter.API.Tests.csproj", "{F032F6BA-960B-4F58-AE5B-53D98DD0C1DC}"
EndProject
Project("{2150E333-8FDC-42A3-9474-1A3956D46DE8}") = "5. Web", "5. Web", "{C27D3462-DCB4-4FBD-A87E-0C4AFA6185B2}"
EndProject
Project("{FAE04EC0-301F-11D3-BF4B-00C04F79EFBC}") = "Aritter.Infra.Web", "Aritter.Infra.Web\Aritter.Infra.Web.csproj", "{08F4A4B5-C15D-4A7C-85A9-A500DBC0CAC2}"
EndProject
Global
	GlobalSection(SolutionConfigurationPlatforms) = preSolution
		Debug|Any CPU = Debug|Any CPU
		Release|Any CPU = Release|Any CPU
	EndGlobalSection
	GlobalSection(ProjectConfigurationPlatforms) = postSolution
		{EFD109C4-3585-4E76-963C-5F612D4A4CB4}.Debug|Any CPU.ActiveCfg = Debug|Any CPU
		{EFD109C4-3585-4E76-963C-5F612D4A4CB4}.Debug|Any CPU.Build.0 = Debug|Any CPU
		{EFD109C4-3585-4E76-963C-5F612D4A4CB4}.Release|Any CPU.ActiveCfg = Release|Any CPU
		{EFD109C4-3585-4E76-963C-5F612D4A4CB4}.Release|Any CPU.Build.0 = Release|Any CPU
		{85545F1E-9852-4445-9415-5C179B6BC033}.Debug|Any CPU.ActiveCfg = Debug|Any CPU
		{85545F1E-9852-4445-9415-5C179B6BC033}.Debug|Any CPU.Build.0 = Debug|Any CPU
		{85545F1E-9852-4445-9415-5C179B6BC033}.Release|Any CPU.ActiveCfg = Release|Any CPU
		{85545F1E-9852-4445-9415-5C179B6BC033}.Release|Any CPU.Build.0 = Release|Any CPU
		{2093FB97-7895-486D-9809-78A11A7B1261}.Debug|Any CPU.ActiveCfg = Debug|Any CPU
		{2093FB97-7895-486D-9809-78A11A7B1261}.Debug|Any CPU.Build.0 = Debug|Any CPU
		{2093FB97-7895-486D-9809-78A11A7B1261}.Release|Any CPU.ActiveCfg = Release|Any CPU
		{2093FB97-7895-486D-9809-78A11A7B1261}.Release|Any CPU.Build.0 = Release|Any CPU
		{7C6B74A2-A4FA-4979-942E-F8C91DEF8D8C}.Debug|Any CPU.ActiveCfg = Debug|Any CPU
		{7C6B74A2-A4FA-4979-942E-F8C91DEF8D8C}.Debug|Any CPU.Build.0 = Debug|Any CPU
		{7C6B74A2-A4FA-4979-942E-F8C91DEF8D8C}.Release|Any CPU.ActiveCfg = Release|Any CPU
		{7C6B74A2-A4FA-4979-942E-F8C91DEF8D8C}.Release|Any CPU.Build.0 = Release|Any CPU
		{4F96CEA7-147D-4E02-BF46-85019109B3F2}.Debug|Any CPU.ActiveCfg = Debug|Any CPU
		{4F96CEA7-147D-4E02-BF46-85019109B3F2}.Debug|Any CPU.Build.0 = Debug|Any CPU
		{4F96CEA7-147D-4E02-BF46-85019109B3F2}.Release|Any CPU.ActiveCfg = Release|Any CPU
		{4F96CEA7-147D-4E02-BF46-85019109B3F2}.Release|Any CPU.Build.0 = Release|Any CPU
		{B8963663-5118-4CBC-8CF1-75F818C6C393}.Debug|Any CPU.ActiveCfg = Debug|Any CPU
		{B8963663-5118-4CBC-8CF1-75F818C6C393}.Debug|Any CPU.Build.0 = Debug|Any CPU
		{B8963663-5118-4CBC-8CF1-75F818C6C393}.Release|Any CPU.ActiveCfg = Release|Any CPU
		{B8963663-5118-4CBC-8CF1-75F818C6C393}.Release|Any CPU.Build.0 = Release|Any CPU
		{845A6393-C5EE-4BA5-BACD-F41A60A927BB}.Debug|Any CPU.ActiveCfg = Debug|Any CPU
		{845A6393-C5EE-4BA5-BACD-F41A60A927BB}.Debug|Any CPU.Build.0 = Debug|Any CPU
		{845A6393-C5EE-4BA5-BACD-F41A60A927BB}.Release|Any CPU.ActiveCfg = Release|Any CPU
		{845A6393-C5EE-4BA5-BACD-F41A60A927BB}.Release|Any CPU.Build.0 = Release|Any CPU
		{99ADFF0C-2BB3-4B75-B17C-B31C6683D86A}.Debug|Any CPU.ActiveCfg = Debug|Any CPU
		{99ADFF0C-2BB3-4B75-B17C-B31C6683D86A}.Debug|Any CPU.Build.0 = Debug|Any CPU
		{99ADFF0C-2BB3-4B75-B17C-B31C6683D86A}.Release|Any CPU.ActiveCfg = Release|Any CPU
		{99ADFF0C-2BB3-4B75-B17C-B31C6683D86A}.Release|Any CPU.Build.0 = Release|Any CPU
		{84E5B760-997E-4432-B6B3-E20277BAF9F8}.Debug|Any CPU.ActiveCfg = Debug|Any CPU
		{84E5B760-997E-4432-B6B3-E20277BAF9F8}.Debug|Any CPU.Build.0 = Debug|Any CPU
		{84E5B760-997E-4432-B6B3-E20277BAF9F8}.Release|Any CPU.ActiveCfg = Release|Any CPU
		{84E5B760-997E-4432-B6B3-E20277BAF9F8}.Release|Any CPU.Build.0 = Release|Any CPU
		{BF8A48F4-D09A-4441-A5DA-2A2BE33CEEA6}.Debug|Any CPU.ActiveCfg = Debug|Any CPU
		{BF8A48F4-D09A-4441-A5DA-2A2BE33CEEA6}.Debug|Any CPU.Build.0 = Debug|Any CPU
		{BF8A48F4-D09A-4441-A5DA-2A2BE33CEEA6}.Release|Any CPU.ActiveCfg = Release|Any CPU
		{BF8A48F4-D09A-4441-A5DA-2A2BE33CEEA6}.Release|Any CPU.Build.0 = Release|Any CPU
		{A18237CA-2209-4B8D-B3E7-47FD974F6520}.Debug|Any CPU.ActiveCfg = Debug|Any CPU
		{A18237CA-2209-4B8D-B3E7-47FD974F6520}.Debug|Any CPU.Build.0 = Debug|Any CPU
		{A18237CA-2209-4B8D-B3E7-47FD974F6520}.Release|Any CPU.ActiveCfg = Release|Any CPU
		{A18237CA-2209-4B8D-B3E7-47FD974F6520}.Release|Any CPU.Build.0 = Release|Any CPU
		{D5F1E402-7DD7-462A-AED5-48A8101A56FF}.Debug|Any CPU.ActiveCfg = Debug|Any CPU
		{D5F1E402-7DD7-462A-AED5-48A8101A56FF}.Debug|Any CPU.Build.0 = Debug|Any CPU
		{D5F1E402-7DD7-462A-AED5-48A8101A56FF}.Debug|Any CPU.Deploy.0 = Debug|Any CPU
		{D5F1E402-7DD7-462A-AED5-48A8101A56FF}.Release|Any CPU.ActiveCfg = Release|Any CPU
		{D5F1E402-7DD7-462A-AED5-48A8101A56FF}.Release|Any CPU.Build.0 = Release|Any CPU
		{D5F1E402-7DD7-462A-AED5-48A8101A56FF}.Release|Any CPU.Deploy.0 = Release|Any CPU
		{FEC6D183-3290-499F-939C-950090E20EEF}.Debug|Any CPU.ActiveCfg = Debug|Any CPU
		{FEC6D183-3290-499F-939C-950090E20EEF}.Debug|Any CPU.Build.0 = Debug|Any CPU
		{FEC6D183-3290-499F-939C-950090E20EEF}.Release|Any CPU.ActiveCfg = Release|Any CPU
		{FEC6D183-3290-499F-939C-950090E20EEF}.Release|Any CPU.Build.0 = Release|Any CPU
		{F032F6BA-960B-4F58-AE5B-53D98DD0C1DC}.Debug|Any CPU.ActiveCfg = Debug|Any CPU
		{F032F6BA-960B-4F58-AE5B-53D98DD0C1DC}.Debug|Any CPU.Build.0 = Debug|Any CPU
		{F032F6BA-960B-4F58-AE5B-53D98DD0C1DC}.Release|Any CPU.ActiveCfg = Release|Any CPU
		{F032F6BA-960B-4F58-AE5B-53D98DD0C1DC}.Release|Any CPU.Build.0 = Release|Any CPU
		{08F4A4B5-C15D-4A7C-85A9-A500DBC0CAC2}.Debug|Any CPU.ActiveCfg = Debug|Any CPU
		{08F4A4B5-C15D-4A7C-85A9-A500DBC0CAC2}.Debug|Any CPU.Build.0 = Debug|Any CPU
		{08F4A4B5-C15D-4A7C-85A9-A500DBC0CAC2}.Release|Any CPU.ActiveCfg = Release|Any CPU
		{08F4A4B5-C15D-4A7C-85A9-A500DBC0CAC2}.Release|Any CPU.Build.0 = Release|Any CPU
	EndGlobalSection
	GlobalSection(SolutionProperties) = preSolution
		HideSolutionNode = FALSE
	EndGlobalSection
	GlobalSection(NestedProjects) = preSolution
		{EFD109C4-3585-4E76-963C-5F612D4A4CB4} = {48C0874E-3692-4134-B8C7-113D52BEEC4F}
		{85545F1E-9852-4445-9415-5C179B6BC033} = {1A12BC82-741D-437B-9DEE-E0985FD2DED7}
		{2093FB97-7895-486D-9809-78A11A7B1261} = {DA69E82D-DF89-403C-B1BE-ECCD62F25DBB}
		{7C6B74A2-A4FA-4979-942E-F8C91DEF8D8C} = {F58A8410-8A16-410C-B35C-0A264C4A32FD}
		{4F96CEA7-147D-4E02-BF46-85019109B3F2} = {051AE4F4-EFCE-49A5-A1E5-424F0AF538C7}
		{DA69E82D-DF89-403C-B1BE-ECCD62F25DBB} = {DF6FD874-4CE1-4FAA-B8FC-0F082DE58062}
		{87ED62B5-9017-45B1-8B0D-C4440AD125DB} = {DF6FD874-4CE1-4FAA-B8FC-0F082DE58062}
		{051AE4F4-EFCE-49A5-A1E5-424F0AF538C7} = {DF6FD874-4CE1-4FAA-B8FC-0F082DE58062}
		{B8963663-5118-4CBC-8CF1-75F818C6C393} = {1733FBFE-50C8-4C34-9C34-90A671464CDC}
		{845A6393-C5EE-4BA5-BACD-F41A60A927BB} = {F2139F9C-1097-42D4-9E47-7630E26312BA}
		{F2139F9C-1097-42D4-9E47-7630E26312BA} = {C73709C4-05E6-47DF-BD52-35FE529BC2C4}
		{48C0874E-3692-4134-B8C7-113D52BEEC4F} = {C73709C4-05E6-47DF-BD52-35FE529BC2C4}
		{E2E4D2B4-9D0C-445D-B110-87D667D87726} = {0F7DB2FC-22D5-4E86-8F85-B2905CA47080}
		{1A12BC82-741D-437B-9DEE-E0985FD2DED7} = {0F7DB2FC-22D5-4E86-8F85-B2905CA47080}
		{99ADFF0C-2BB3-4B75-B17C-B31C6683D86A} = {E2E4D2B4-9D0C-445D-B110-87D667D87726}
		{84E5B760-997E-4432-B6B3-E20277BAF9F8} = {DB0AFF6E-7B6B-4737-A667-2519492C71F3}
		{BF8A48F4-D09A-4441-A5DA-2A2BE33CEEA6} = {B72E2D24-B546-47B2-877E-0F3F4F447FF5}
		{B72E2D24-B546-47B2-877E-0F3F4F447FF5} = {87ED62B5-9017-45B1-8B0D-C4440AD125DB}
		{F58A8410-8A16-410C-B35C-0A264C4A32FD} = {87ED62B5-9017-45B1-8B0D-C4440AD125DB}
		{D2E9E0D9-E428-4B15-9AEE-F7129884BC56} = {DF6FD874-4CE1-4FAA-B8FC-0F082DE58062}
		{A18237CA-2209-4B8D-B3E7-47FD974F6520} = {D2E9E0D9-E428-4B15-9AEE-F7129884BC56}
		{D5F1E402-7DD7-462A-AED5-48A8101A56FF} = {B9B4F6DC-6D8B-4C48-9324-469B6CFB1DBD}
		{FEC6D183-3290-499F-939C-950090E20EEF} = {48C0874E-3692-4134-B8C7-113D52BEEC4F}
		{A25069C6-03B2-42BD-8273-05752739DC23} = {CAECE813-2FB8-4CA6-A38E-30BB4FB4C790}
		{F032F6BA-960B-4F58-AE5B-53D98DD0C1DC} = {A25069C6-03B2-42BD-8273-05752739DC23}
		{C27D3462-DCB4-4FBD-A87E-0C4AFA6185B2} = {DF6FD874-4CE1-4FAA-B8FC-0F082DE58062}
		{08F4A4B5-C15D-4A7C-85A9-A500DBC0CAC2} = {C27D3462-DCB4-4FBD-A87E-0C4AFA6185B2}
	EndGlobalSection
EndGlobal
