
Microsoft Visual Studio Solution File, Format Version 12.00
# Visual Studio 14
VisualStudioVersion = 14.0.23107.0
MinimumVisualStudioVersion = 10.0.40219.1
Project("{2150E333-8FDC-42A3-9474-1A3956D46DE8}") = "0 - User Interface", "0 - User Interface", "{1733FBFE-50C8-4C34-9C34-90A671464CDC}"
EndProject
Project("{2150E333-8FDC-42A3-9474-1A3956D46DE8}") = "2 - Application", "2 - Application", "{C73709C4-05E6-47DF-BD52-35FE529BC2C4}"
EndProject
Project("{2150E333-8FDC-42A3-9474-1A3956D46DE8}") = "4 - Domain", "4 - Domain", "{0F7DB2FC-22D5-4E86-8F85-B2905CA47080}"
EndProject
Project("{2150E333-8FDC-42A3-9474-1A3956D46DE8}") = "5 - Infrastructure", "5 - Infrastructure", "{DF6FD874-4CE1-4FAA-B8FC-0F082DE58062}"
EndProject
Project("{FAE04EC0-301F-11D3-BF4B-00C04F79EFBC}") = "Aritter.Application", "Aritter.Application\Aritter.Application.csproj", "{EFD109C4-3585-4E76-963C-5F612D4A4CB4}"
EndProject
Project("{FAE04EC0-301F-11D3-BF4B-00C04F79EFBC}") = "Aritter.Domain", "Aritter.Domain\Aritter.Domain.csproj", "{85545F1E-9852-4445-9415-5C179B6BC033}"
EndProject
Project("{FAE04EC0-301F-11D3-BF4B-00C04F79EFBC}") = "Aritter.Infrastructure", "Aritter.Infrastructure\Aritter.Infrastructure.csproj", "{2093FB97-7895-486D-9809-78A11A7B1261}"
EndProject
Project("{FAE04EC0-301F-11D3-BF4B-00C04F79EFBC}") = "Aritter.Infrastructure.Data", "Aritter.Infrastructure.Data\Aritter.Infrastructure.Data.csproj", "{7C6B74A2-A4FA-4979-942E-F8C91DEF8D8C}"
EndProject
Project("{FAE04EC0-301F-11D3-BF4B-00C04F79EFBC}") = "Aritter.Infrastructure.Injection", "Aritter.Infrastructure.Injection\Aritter.Infrastructure.Injection.csproj", "{4F96CEA7-147D-4E02-BF46-85019109B3F2}"
EndProject
Project("{2150E333-8FDC-42A3-9474-1A3956D46DE8}") = ".nuget", ".nuget", "{158A8402-69AF-4F05-92E1-1A74CD9A3A31}"
	ProjectSection(SolutionItems) = preProject
		.nuget\NuGet.Config = .nuget\NuGet.Config
		.nuget\NuGet.exe = .nuget\NuGet.exe
		.nuget\NuGet.targets = .nuget\NuGet.targets
	EndProjectSection
EndProject
Project("{2150E333-8FDC-42A3-9474-1A3956D46DE8}") = "1 - API", "1 - API", "{DB0AFF6E-7B6B-4737-A667-2519492C71F3}"
EndProject
Project("{FAE04EC0-301F-11D3-BF4B-00C04F79EFBC}") = "Aritter.Web", "Aritter.Web\Aritter.Web.csproj", "{B8847F0C-3BD3-48BD-97A9-26064EED204A}"
EndProject
Global
	GlobalSection(SolutionConfigurationPlatforms) = preSolution
		Debug|Any CPU = Debug|Any CPU
		Release|Any CPU = Release|Any CPU
	EndGlobalSection
	GlobalSection(ProjectConfigurationPlatforms) = postSolution
		{EFD109C4-3585-4E76-963C-5F612D4A4CB4}.Debug|Any CPU.ActiveCfg = Debug|Any CPU
		{EFD109C4-3585-4E76-963C-5F612D4A4CB4}.Debug|Any CPU.Build.0 = Debug|Any CPU
		{EFD109C4-3585-4E76-963C-5F612D4A4CB4}.Release|Any CPU.ActiveCfg = Release|Any CPU
		{EFD109C4-3585-4E76-963C-5F612D4A4CB4}.Release|Any CPU.Build.0 = Release|Any CPU
		{85545F1E-9852-4445-9415-5C179B6BC033}.Debug|Any CPU.ActiveCfg = Debug|Any CPU
		{85545F1E-9852-4445-9415-5C179B6BC033}.Debug|Any CPU.Build.0 = Debug|Any CPU
		{85545F1E-9852-4445-9415-5C179B6BC033}.Release|Any CPU.ActiveCfg = Release|Any CPU
		{85545F1E-9852-4445-9415-5C179B6BC033}.Release|Any CPU.Build.0 = Release|Any CPU
		{2093FB97-7895-486D-9809-78A11A7B1261}.Debug|Any CPU.ActiveCfg = Debug|Any CPU
		{2093FB97-7895-486D-9809-78A11A7B1261}.Debug|Any CPU.Build.0 = Debug|Any CPU
		{2093FB97-7895-486D-9809-78A11A7B1261}.Release|Any CPU.ActiveCfg = Release|Any CPU
		{2093FB97-7895-486D-9809-78A11A7B1261}.Release|Any CPU.Build.0 = Release|Any CPU
		{7C6B74A2-A4FA-4979-942E-F8C91DEF8D8C}.Debug|Any CPU.ActiveCfg = Debug|Any CPU
		{7C6B74A2-A4FA-4979-942E-F8C91DEF8D8C}.Debug|Any CPU.Build.0 = Debug|Any CPU
		{7C6B74A2-A4FA-4979-942E-F8C91DEF8D8C}.Release|Any CPU.ActiveCfg = Release|Any CPU
		{7C6B74A2-A4FA-4979-942E-F8C91DEF8D8C}.Release|Any CPU.Build.0 = Release|Any CPU
		{4F96CEA7-147D-4E02-BF46-85019109B3F2}.Debug|Any CPU.ActiveCfg = Debug|Any CPU
		{4F96CEA7-147D-4E02-BF46-85019109B3F2}.Debug|Any CPU.Build.0 = Debug|Any CPU
		{4F96CEA7-147D-4E02-BF46-85019109B3F2}.Release|Any CPU.ActiveCfg = Release|Any CPU
		{4F96CEA7-147D-4E02-BF46-85019109B3F2}.Release|Any CPU.Build.0 = Release|Any CPU
		{B8847F0C-3BD3-48BD-97A9-26064EED204A}.Debug|Any CPU.ActiveCfg = Debug|Any CPU
		{B8847F0C-3BD3-48BD-97A9-26064EED204A}.Debug|Any CPU.Build.0 = Debug|Any CPU
		{B8847F0C-3BD3-48BD-97A9-26064EED204A}.Release|Any CPU.ActiveCfg = Release|Any CPU
		{B8847F0C-3BD3-48BD-97A9-26064EED204A}.Release|Any CPU.Build.0 = Release|Any CPU
	EndGlobalSection
	GlobalSection(SolutionProperties) = preSolution
		HideSolutionNode = FALSE
	EndGlobalSection
	GlobalSection(NestedProjects) = preSolution
		{EFD109C4-3585-4E76-963C-5F612D4A4CB4} = {C73709C4-05E6-47DF-BD52-35FE529BC2C4}
		{85545F1E-9852-4445-9415-5C179B6BC033} = {0F7DB2FC-22D5-4E86-8F85-B2905CA47080}
		{2093FB97-7895-486D-9809-78A11A7B1261} = {DF6FD874-4CE1-4FAA-B8FC-0F082DE58062}
		{7C6B74A2-A4FA-4979-942E-F8C91DEF8D8C} = {DF6FD874-4CE1-4FAA-B8FC-0F082DE58062}
		{4F96CEA7-147D-4E02-BF46-85019109B3F2} = {DF6FD874-4CE1-4FAA-B8FC-0F082DE58062}
		{B8847F0C-3BD3-48BD-97A9-26064EED204A} = {1733FBFE-50C8-4C34-9C34-90A671464CDC}
	EndGlobalSection
EndGlobal
