
Microsoft Visual Studio Solution File, Format Version 12.00
# Visual Studio 14
VisualStudioVersion = 14.0.23107.0
MinimumVisualStudioVersion = 10.0.40219.1
Project("{2150E333-8FDC-42A3-9474-1A3956D46DE8}") = "1 - Presentation", "1 - Presentation", "{1733FBFE-50C8-4C34-9C34-90A671464CDC}"
EndProject
Project("{2150E333-8FDC-42A3-9474-1A3956D46DE8}") = "3 - Application", "3 - Application", "{C73709C4-05E6-47DF-BD52-35FE529BC2C4}"
EndProject
Project("{2150E333-8FDC-42A3-9474-1A3956D46DE8}") = "4 - Domain", "4 - Domain", "{0F7DB2FC-22D5-4E86-8F85-B2905CA47080}"
EndProject
Project("{2150E333-8FDC-42A3-9474-1A3956D46DE8}") = "5 - Infrastructure", "5 - Infrastructure", "{DF6FD874-4CE1-4FAA-B8FC-0F082DE58062}"
EndProject
Project("{FAE04EC0-301F-11D3-BF4B-00C04F79EFBC}") = "Aritter.Application", "Aritter.Application\Aritter.Application.csproj", "{EFD109C4-3585-4E76-963C-5F612D4A4CB4}"
EndProject
Project("{FAE04EC0-301F-11D3-BF4B-00C04F79EFBC}") = "Aritter.Domain", "Aritter.Domain\Aritter.Domain.csproj", "{85545F1E-9852-4445-9415-5C179B6BC033}"
EndProject
Project("{FAE04EC0-301F-11D3-BF4B-00C04F79EFBC}") = "Aritter.Infra.CrossCutting", "Aritter.Infra.CrossCutting\Aritter.Infra.CrossCutting.csproj", "{2093FB97-7895-486D-9809-78A11A7B1261}"
EndProject
Project("{FAE04EC0-301F-11D3-BF4B-00C04F79EFBC}") = "Aritter.Infra.Data", "Aritter.Infra.Data\Aritter.Infra.Data.csproj", "{7C6B74A2-A4FA-4979-942E-F8C91DEF8D8C}"
EndProject
Project("{FAE04EC0-301F-11D3-BF4B-00C04F79EFBC}") = "Aritter.Infra.IoC", "Aritter.Infra.IoC\Aritter.Infra.IoC.csproj", "{4F96CEA7-147D-4E02-BF46-85019109B3F2}"
EndProject
Project("{2150E333-8FDC-42A3-9474-1A3956D46DE8}") = ".nuget", ".nuget", "{158A8402-69AF-4F05-92E1-1A74CD9A3A31}"
	ProjectSection(SolutionItems) = preProject
		.nuget\NuGet.Config = .nuget\NuGet.Config
		.nuget\NuGet.exe = .nuget\NuGet.exe
		.nuget\NuGet.targets = .nuget\NuGet.targets
	EndProjectSection
EndProject
Project("{2150E333-8FDC-42A3-9474-1A3956D46DE8}") = "2 - API", "2 - API", "{DB0AFF6E-7B6B-4737-A667-2519492C71F3}"
EndProject
Project("{2150E333-8FDC-42A3-9474-1A3956D46DE8}") = "5.1 - CrossCutting", "5.1 - CrossCutting", "{DA69E82D-DF89-403C-B1BE-ECCD62F25DBB}"
EndProject
Project("{2150E333-8FDC-42A3-9474-1A3956D46DE8}") = "5.2 - Data", "5.2 - Data", "{87ED62B5-9017-45B1-8B0D-C4440AD125DB}"
EndProject
Project("{2150E333-8FDC-42A3-9474-1A3956D46DE8}") = "5.3 - IoC", "5.3 - IoC", "{051AE4F4-EFCE-49A5-A1E5-424F0AF538C7}"
EndProject
Project("{FAE04EC0-301F-11D3-BF4B-00C04F79EFBC}") = "Aritter.Presentation.WebApi", "Aritter.Presentation.WebApi\Aritter.Presentation.WebApi.csproj", "{84E5B760-997E-4432-B6B3-E20277BAF9F8}"
EndProject
Project("{8BB2217D-0F2D-49D1-97BC-3654ED321F3B}") = "Aritter.Presentation.WebApp", "Aritter.Presentation.WebApp\Aritter.Presentation.WebApp.xproj", "{B8963663-5118-4CBC-8CF1-75F818C6C393}"
EndProject
Project("{2150E333-8FDC-42A3-9474-1A3956D46DE8}") = "0 - Solution Itens", "0 - Solution Itens", "{10DE524E-9F25-480B-A29F-3C8713504331}"
	ProjectSection(SolutionItems) = preProject
		global.json = global.json
		Prebuild.ps1 = Prebuild.ps1
	EndProjectSection
EndProject
Project("{2150E333-8FDC-42A3-9474-1A3956D46DE8}") = "1.1 - Web", "1.1 - Web", "{11A72A1C-706A-48AE-A864-F58807C2D2F4}"
EndProject
Global
	GlobalSection(SolutionConfigurationPlatforms) = preSolution
		Debug|Any CPU = Debug|Any CPU
		Release|Any CPU = Release|Any CPU
	EndGlobalSection
	GlobalSection(ProjectConfigurationPlatforms) = postSolution
		{EFD109C4-3585-4E76-963C-5F612D4A4CB4}.Debug|Any CPU.ActiveCfg = Debug|Any CPU
		{EFD109C4-3585-4E76-963C-5F612D4A4CB4}.Debug|Any CPU.Build.0 = Debug|Any CPU
		{EFD109C4-3585-4E76-963C-5F612D4A4CB4}.Release|Any CPU.ActiveCfg = Release|Any CPU
		{EFD109C4-3585-4E76-963C-5F612D4A4CB4}.Release|Any CPU.Build.0 = Release|Any CPU
		{85545F1E-9852-4445-9415-5C179B6BC033}.Debug|Any CPU.ActiveCfg = Debug|Any CPU
		{85545F1E-9852-4445-9415-5C179B6BC033}.Debug|Any CPU.Build.0 = Debug|Any CPU
		{85545F1E-9852-4445-9415-5C179B6BC033}.Release|Any CPU.ActiveCfg = Release|Any CPU
		{85545F1E-9852-4445-9415-5C179B6BC033}.Release|Any CPU.Build.0 = Release|Any CPU
		{2093FB97-7895-486D-9809-78A11A7B1261}.Debug|Any CPU.ActiveCfg = Debug|Any CPU
		{2093FB97-7895-486D-9809-78A11A7B1261}.Debug|Any CPU.Build.0 = Debug|Any CPU
		{2093FB97-7895-486D-9809-78A11A7B1261}.Release|Any CPU.ActiveCfg = Release|Any CPU
		{2093FB97-7895-486D-9809-78A11A7B1261}.Release|Any CPU.Build.0 = Release|Any CPU
		{7C6B74A2-A4FA-4979-942E-F8C91DEF8D8C}.Debug|Any CPU.ActiveCfg = Debug|Any CPU
		{7C6B74A2-A4FA-4979-942E-F8C91DEF8D8C}.Debug|Any CPU.Build.0 = Debug|Any CPU
		{7C6B74A2-A4FA-4979-942E-F8C91DEF8D8C}.Release|Any CPU.ActiveCfg = Release|Any CPU
		{7C6B74A2-A4FA-4979-942E-F8C91DEF8D8C}.Release|Any CPU.Build.0 = Release|Any CPU
		{4F96CEA7-147D-4E02-BF46-85019109B3F2}.Debug|Any CPU.ActiveCfg = Debug|Any CPU
		{4F96CEA7-147D-4E02-BF46-85019109B3F2}.Debug|Any CPU.Build.0 = Debug|Any CPU
		{4F96CEA7-147D-4E02-BF46-85019109B3F2}.Release|Any CPU.ActiveCfg = Release|Any CPU
		{4F96CEA7-147D-4E02-BF46-85019109B3F2}.Release|Any CPU.Build.0 = Release|Any CPU
		{84E5B760-997E-4432-B6B3-E20277BAF9F8}.Debug|Any CPU.ActiveCfg = Debug|Any CPU
		{84E5B760-997E-4432-B6B3-E20277BAF9F8}.Debug|Any CPU.Build.0 = Debug|Any CPU
		{84E5B760-997E-4432-B6B3-E20277BAF9F8}.Release|Any CPU.ActiveCfg = Release|Any CPU
		{84E5B760-997E-4432-B6B3-E20277BAF9F8}.Release|Any CPU.Build.0 = Release|Any CPU
		{B8963663-5118-4CBC-8CF1-75F818C6C393}.Debug|Any CPU.ActiveCfg = Debug|Any CPU
		{B8963663-5118-4CBC-8CF1-75F818C6C393}.Debug|Any CPU.Build.0 = Debug|Any CPU
		{B8963663-5118-4CBC-8CF1-75F818C6C393}.Release|Any CPU.ActiveCfg = Release|Any CPU
		{B8963663-5118-4CBC-8CF1-75F818C6C393}.Release|Any CPU.Build.0 = Release|Any CPU
	EndGlobalSection
	GlobalSection(SolutionProperties) = preSolution
		HideSolutionNode = FALSE
	EndGlobalSection
	GlobalSection(NestedProjects) = preSolution
		{EFD109C4-3585-4E76-963C-5F612D4A4CB4} = {C73709C4-05E6-47DF-BD52-35FE529BC2C4}
		{85545F1E-9852-4445-9415-5C179B6BC033} = {0F7DB2FC-22D5-4E86-8F85-B2905CA47080}
		{2093FB97-7895-486D-9809-78A11A7B1261} = {DA69E82D-DF89-403C-B1BE-ECCD62F25DBB}
		{7C6B74A2-A4FA-4979-942E-F8C91DEF8D8C} = {87ED62B5-9017-45B1-8B0D-C4440AD125DB}
		{4F96CEA7-147D-4E02-BF46-85019109B3F2} = {051AE4F4-EFCE-49A5-A1E5-424F0AF538C7}
		{DA69E82D-DF89-403C-B1BE-ECCD62F25DBB} = {DF6FD874-4CE1-4FAA-B8FC-0F082DE58062}
		{87ED62B5-9017-45B1-8B0D-C4440AD125DB} = {DF6FD874-4CE1-4FAA-B8FC-0F082DE58062}
		{051AE4F4-EFCE-49A5-A1E5-424F0AF538C7} = {DF6FD874-4CE1-4FAA-B8FC-0F082DE58062}
		{84E5B760-997E-4432-B6B3-E20277BAF9F8} = {11A72A1C-706A-48AE-A864-F58807C2D2F4}
		{B8963663-5118-4CBC-8CF1-75F818C6C393} = {11A72A1C-706A-48AE-A864-F58807C2D2F4}
		{11A72A1C-706A-48AE-A864-F58807C2D2F4} = {1733FBFE-50C8-4C34-9C34-90A671464CDC}
	EndGlobalSection
EndGlobal
